
Microsoft Visual Studio Solution File, Format Version 12.00
# Visual Studio Version 17
VisualStudioVersion = 17.7.34003.232
MinimumVisualStudioVersion = 10.0.40219.1
Project("{FAE04EC0-301F-11D3-BF4B-00C04F79EFBC}") = "Airplane", "Airplane.csproj", "{7F08C227-E56B-4EB4-8EB2-241A70E234D9}"
EndProject
Global
	GlobalSection(SolutionConfigurationPlatforms) = preSolution
		Debug|Any CPU = Debug|Any CPU
		Release|Any CPU = Release|Any CPU
	EndGlobalSection
	GlobalSection(ProjectConfigurationPlatforms) = postSolution
		{7F08C227-E56B-4EB4-8EB2-241A70E234D9}.Debug|Any CPU.ActiveCfg = Debug|Any CPU
		{7F08C227-E56B-4EB4-8EB2-241A70E234D9}.Debug|Any CPU.Build.0 = Debug|Any CPU
		{7F08C227-E56B-4EB4-8EB2-241A70E234D9}.Release|Any CPU.ActiveCfg = Release|Any CPU
		{7F08C227-E56B-4EB4-8EB2-241A70E234D9}.Release|Any CPU.Build.0 = Release|Any CPU
	EndGlobalSection
	GlobalSection(SolutionProperties) = preSolution
		HideSolutionNode = FALSE
	EndGlobalSection
	GlobalSection(ExtensibilityGlobals) = postSolution
		SolutionGuid = {085470F4-0DB5-44D0-89F1-80A5C4BA1F65}
	EndGlobalSection
EndGlobal
